
Microsoft Visual Studio Solution File, Format Version 12.00
# Visual Studio Version 16
VisualStudioVersion = 16.0.31911.196
MinimumVisualStudioVersion = 10.0.40219.1
Project("{FAE04EC0-301F-11D3-BF4B-00C04F79EFBC}") = "GitHub Test Application", "GitHub Test Application.csproj", "{78C618DB-6D93-4851-A9A7-5F78B670CB33}"
EndProject
Global
	GlobalSection(SolutionConfigurationPlatforms) = preSolution
		Debug|Any CPU = Debug|Any CPU
		Release|Any CPU = Release|Any CPU
	EndGlobalSection
	GlobalSection(ProjectConfigurationPlatforms) = postSolution
		{78C618DB-6D93-4851-A9A7-5F78B670CB33}.Debug|Any CPU.ActiveCfg = Debug|Any CPU
		{78C618DB-6D93-4851-A9A7-5F78B670CB33}.Debug|Any CPU.Build.0 = Debug|Any CPU
		{78C618DB-6D93-4851-A9A7-5F78B670CB33}.Release|Any CPU.ActiveCfg = Release|Any CPU
		{78C618DB-6D93-4851-A9A7-5F78B670CB33}.Release|Any CPU.Build.0 = Release|Any CPU
	EndGlobalSection
	GlobalSection(SolutionProperties) = preSolution
		HideSolutionNode = FALSE
	EndGlobalSection
	GlobalSection(ExtensibilityGlobals) = postSolution
		SolutionGuid = {F18DD923-7108-4536-B71F-34C969F1A64D}
	EndGlobalSection
EndGlobal
